// !$*UTF8*$!
{
	archiveVersion = 1;
	classes = {
	};
	objectVersion = 50;
	objects = {

/* Begin PBXBuildFile section */
		4238939D252C7DF8007479F3 /* ParserService.swift in Sources */ = {isa = PBXBuildFile; fileRef = 4238939C252C7DF8007479F3 /* ParserService.swift */; };
		423893A3252C9EDA007479F3 /* NewsTableViewCell.swift in Sources */ = {isa = PBXBuildFile; fileRef = 423893A2252C9EDA007479F3 /* NewsTableViewCell.swift */; };
		423C66A7252B0C380087B00D /* AppDelegate.swift in Sources */ = {isa = PBXBuildFile; fileRef = 423C66A6252B0C380087B00D /* AppDelegate.swift */; };
		423C66A9252B0C380087B00D /* SceneDelegate.swift in Sources */ = {isa = PBXBuildFile; fileRef = 423C66A8252B0C380087B00D /* SceneDelegate.swift */; };
		423C66AB252B0C380087B00D /* NewsListViewController.swift in Sources */ = {isa = PBXBuildFile; fileRef = 423C66AA252B0C380087B00D /* NewsListViewController.swift */; };
		423C66AE252B0C380087B00D /* Main.storyboard in Resources */ = {isa = PBXBuildFile; fileRef = 423C66AC252B0C380087B00D /* Main.storyboard */; };
		423C66B0252B0C390087B00D /* Assets.xcassets in Resources */ = {isa = PBXBuildFile; fileRef = 423C66AF252B0C390087B00D /* Assets.xcassets */; };
		423C66B3252B0C390087B00D /* LaunchScreen.storyboard in Resources */ = {isa = PBXBuildFile; fileRef = 423C66B1252B0C390087B00D /* LaunchScreen.storyboard */; };
		423C66BD252B0CA20087B00D /* DescriptionsViewController.swift in Sources */ = {isa = PBXBuildFile; fileRef = 423C66BC252B0CA20087B00D /* DescriptionsViewController.swift */; };
		423C66CC252B14320087B00D /* Builder.swift in Sources */ = {isa = PBXBuildFile; fileRef = 423C66CB252B14320087B00D /* Builder.swift */; };
		423C66D1252B14480087B00D /* Router.swift in Sources */ = {isa = PBXBuildFile; fileRef = 423C66D0252B14480087B00D /* Router.swift */; };
		423C66D4252B16540087B00D /* NewsModel.swift in Sources */ = {isa = PBXBuildFile; fileRef = 423C66D3252B16540087B00D /* NewsModel.swift */; };
		423C66D8252B44FD0087B00D /* DescriptionViewPresenter.swift in Sources */ = {isa = PBXBuildFile; fileRef = 423C66D7252B44FD0087B00D /* DescriptionViewPresenter.swift */; };
		423C66DB252B452C0087B00D /* NewsListPresenter.swift in Sources */ = {isa = PBXBuildFile; fileRef = 423C66DA252B452C0087B00D /* NewsListPresenter.swift */; };
		423C66DE252B47490087B00D /* NetworkService.swift in Sources */ = {isa = PBXBuildFile; fileRef = 423C66DD252B47490087B00D /* NetworkService.swift */; };
		423C66E4252B83270087B00D /* LoadTableViewCell.swift in Sources */ = {isa = PBXBuildFile; fileRef = 423C66E3252B83270087B00D /* LoadTableViewCell.swift */; };
/* End PBXBuildFile section */

/* Begin PBXFileReference section */
		4238939C252C7DF8007479F3 /* ParserService.swift */ = {isa = PBXFileReference; lastKnownFileType = sourcecode.swift; path = ParserService.swift; sourceTree = "<group>"; };
		423893A2252C9EDA007479F3 /* NewsTableViewCell.swift */ = {isa = PBXFileReference; lastKnownFileType = sourcecode.swift; path = NewsTableViewCell.swift; sourceTree = "<group>"; };
		423C66A3252B0C380087B00D /* NewsApp.app */ = {isa = PBXFileReference; explicitFileType = wrapper.application; includeInIndex = 0; path = NewsApp.app; sourceTree = BUILT_PRODUCTS_DIR; };
		423C66A6252B0C380087B00D /* AppDelegate.swift */ = {isa = PBXFileReference; lastKnownFileType = sourcecode.swift; path = AppDelegate.swift; sourceTree = "<group>"; };
		423C66A8252B0C380087B00D /* SceneDelegate.swift */ = {isa = PBXFileReference; lastKnownFileType = sourcecode.swift; path = SceneDelegate.swift; sourceTree = "<group>"; };
		423C66AA252B0C380087B00D /* NewsListViewController.swift */ = {isa = PBXFileReference; lastKnownFileType = sourcecode.swift; path = NewsListViewController.swift; sourceTree = "<group>"; };
		423C66AD252B0C380087B00D /* Base */ = {isa = PBXFileReference; lastKnownFileType = file.storyboard; name = Base; path = Base.lproj/Main.storyboard; sourceTree = "<group>"; };
		423C66AF252B0C390087B00D /* Assets.xcassets */ = {isa = PBXFileReference; lastKnownFileType = folder.assetcatalog; path = Assets.xcassets; sourceTree = "<group>"; };
		423C66B2252B0C390087B00D /* Base */ = {isa = PBXFileReference; lastKnownFileType = file.storyboard; name = Base; path = Base.lproj/LaunchScreen.storyboard; sourceTree = "<group>"; };
		423C66B4252B0C390087B00D /* Info.plist */ = {isa = PBXFileReference; lastKnownFileType = text.plist.xml; path = Info.plist; sourceTree = "<group>"; };
		423C66BC252B0CA20087B00D /* DescriptionsViewController.swift */ = {isa = PBXFileReference; lastKnownFileType = sourcecode.swift; path = DescriptionsViewController.swift; sourceTree = "<group>"; };
		423C66CB252B14320087B00D /* Builder.swift */ = {isa = PBXFileReference; lastKnownFileType = sourcecode.swift; path = Builder.swift; sourceTree = "<group>"; };
		423C66D0252B14480087B00D /* Router.swift */ = {isa = PBXFileReference; lastKnownFileType = sourcecode.swift; path = Router.swift; sourceTree = "<group>"; };
		423C66D3252B16540087B00D /* NewsModel.swift */ = {isa = PBXFileReference; lastKnownFileType = sourcecode.swift; path = NewsModel.swift; sourceTree = "<group>"; };
		423C66D7252B44FD0087B00D /* DescriptionViewPresenter.swift */ = {isa = PBXFileReference; lastKnownFileType = sourcecode.swift; path = DescriptionViewPresenter.swift; sourceTree = "<group>"; };
		423C66DA252B452C0087B00D /* NewsListPresenter.swift */ = {isa = PBXFileReference; lastKnownFileType = sourcecode.swift; path = NewsListPresenter.swift; sourceTree = "<group>"; };
		423C66DD252B47490087B00D /* NetworkService.swift */ = {isa = PBXFileReference; lastKnownFileType = sourcecode.swift; path = NetworkService.swift; sourceTree = "<group>"; };
		423C66E3252B83270087B00D /* LoadTableViewCell.swift */ = {isa = PBXFileReference; lastKnownFileType = sourcecode.swift; path = LoadTableViewCell.swift; sourceTree = "<group>"; };
/* End PBXFileReference section */

/* Begin PBXFrameworksBuildPhase section */
		423C66A0252B0C380087B00D /* Frameworks */ = {
			isa = PBXFrameworksBuildPhase;
			buildActionMask = 2147483647;
			files = (
			);
			runOnlyForDeploymentPostprocessing = 0;
		};
/* End PBXFrameworksBuildPhase section */

/* Begin PBXGroup section */
		423C669A252B0C380087B00D = {
			isa = PBXGroup;
			children = (
				423C66A5252B0C380087B00D /* NewsApp */,
				423C66A4252B0C380087B00D /* Products */,
			);
			sourceTree = "<group>";
		};
		423C66A4252B0C380087B00D /* Products */ = {
			isa = PBXGroup;
			children = (
				423C66A3252B0C380087B00D /* NewsApp.app */,
			);
			name = Products;
			sourceTree = "<group>";
		};
		423C66A5252B0C380087B00D /* NewsApp */ = {
			isa = PBXGroup;
			children = (
				423C66DD252B47490087B00D /* NetworkService.swift */,
				4238939C252C7DF8007479F3 /* ParserService.swift */,
				423C66CB252B14320087B00D /* Builder.swift */,
				423C66D0252B14480087B00D /* Router.swift */,
				423C66C3252B134A0087B00D /* Description */,
				423C66C2252B13300087B00D /* NewsList */,
				423C66A6252B0C380087B00D /* AppDelegate.swift */,
				423C66A8252B0C380087B00D /* SceneDelegate.swift */,
				423C66AC252B0C380087B00D /* Main.storyboard */,
				423C66AF252B0C390087B00D /* Assets.xcassets */,
				423C66B1252B0C390087B00D /* LaunchScreen.storyboard */,
				423C66B4252B0C390087B00D /* Info.plist */,
			);
			path = NewsApp;
			sourceTree = "<group>";
		};
		423C66C2252B13300087B00D /* NewsList */ = {
			isa = PBXGroup;
			children = (
				423C66C9252B13F10087B00D /* Presenter */,
				423C66C8252B13E90087B00D /* View */,
			);
			path = NewsList;
			sourceTree = "<group>";
		};
		423C66C3252B134A0087B00D /* Description */ = {
			isa = PBXGroup;
			children = (
				423C66C7252B138F0087B00D /* Model */,
				423C66C6252B13860087B00D /* Presenter */,
				423C66C5252B13770087B00D /* View */,
			);
			path = Description;
			sourceTree = "<group>";
		};
		423C66C5252B13770087B00D /* View */ = {
			isa = PBXGroup;
			children = (
				423C66BC252B0CA20087B00D /* DescriptionsViewController.swift */,
			);
			path = View;
			sourceTree = "<group>";
		};
		423C66C6252B13860087B00D /* Presenter */ = {
			isa = PBXGroup;
			children = (
				423C66D7252B44FD0087B00D /* DescriptionViewPresenter.swift */,
			);
			path = Presenter;
			sourceTree = "<group>";
		};
		423C66C7252B138F0087B00D /* Model */ = {
			isa = PBXGroup;
			children = (
				423C66D3252B16540087B00D /* NewsModel.swift */,
			);
			path = Model;
			sourceTree = "<group>";
		};
		423C66C8252B13E90087B00D /* View */ = {
			isa = PBXGroup;
			children = (
				423C66E3252B83270087B00D /* LoadTableViewCell.swift */,
				423C66AA252B0C380087B00D /* NewsListViewController.swift */,
				423893A2252C9EDA007479F3 /* NewsTableViewCell.swift */,
			);
			path = View;
			sourceTree = "<group>";
		};
		423C66C9252B13F10087B00D /* Presenter */ = {
			isa = PBXGroup;
			children = (
				423C66DA252B452C0087B00D /* NewsListPresenter.swift */,
			);
			path = Presenter;
			sourceTree = "<group>";
		};
/* End PBXGroup section */

/* Begin PBXNativeTarget section */
		423C66A2252B0C380087B00D /* NewsApp */ = {
			isa = PBXNativeTarget;
			buildConfigurationList = 423C66B7252B0C390087B00D /* Build configuration list for PBXNativeTarget "NewsApp" */;
			buildPhases = (
				423C669F252B0C380087B00D /* Sources */,
				423C66A0252B0C380087B00D /* Frameworks */,
				423C66A1252B0C380087B00D /* Resources */,
			);
			buildRules = (
			);
			dependencies = (
			);
			name = NewsApp;
			productName = NewsApp;
			productReference = 423C66A3252B0C380087B00D /* NewsApp.app */;
			productType = "com.apple.product-type.application";
		};
/* End PBXNativeTarget section */

/* Begin PBXProject section */
		423C669B252B0C380087B00D /* Project object */ = {
			isa = PBXProject;
			attributes = {
				LastSwiftUpdateCheck = 1200;
				LastUpgradeCheck = 1200;
				TargetAttributes = {
					423C66A2252B0C380087B00D = {
						CreatedOnToolsVersion = 12.0.1;
					};
				};
			};
			buildConfigurationList = 423C669E252B0C380087B00D /* Build configuration list for PBXProject "NewsApp" */;
			compatibilityVersion = "Xcode 9.3";
			developmentRegion = en;
			hasScannedForEncodings = 0;
			knownRegions = (
				en,
				Base,
			);
			mainGroup = 423C669A252B0C380087B00D;
			productRefGroup = 423C66A4252B0C380087B00D /* Products */;
			projectDirPath = "";
			projectRoot = "";
			targets = (
				423C66A2252B0C380087B00D /* NewsApp */,
			);
		};
/* End PBXProject section */

/* Begin PBXResourcesBuildPhase section */
		423C66A1252B0C380087B00D /* Resources */ = {
			isa = PBXResourcesBuildPhase;
			buildActionMask = 2147483647;
			files = (
				423C66B3252B0C390087B00D /* LaunchScreen.storyboard in Resources */,
				423C66B0252B0C390087B00D /* Assets.xcassets in Resources */,
				423C66AE252B0C380087B00D /* Main.storyboard in Resources */,
			);
			runOnlyForDeploymentPostprocessing = 0;
		};
/* End PBXResourcesBuildPhase section */

/* Begin PBXSourcesBuildPhase section */
		423C669F252B0C380087B00D /* Sources */ = {
			isa = PBXSourcesBuildPhase;
			buildActionMask = 2147483647;
			files = (
				423C66DE252B47490087B00D /* NetworkService.swift in Sources */,
				423C66D8252B44FD0087B00D /* DescriptionViewPresenter.swift in Sources */,
				423C66AB252B0C380087B00D /* NewsListViewController.swift in Sources */,
				423C66A7252B0C380087B00D /* AppDelegate.swift in Sources */,
				423893A3252C9EDA007479F3 /* NewsTableViewCell.swift in Sources */,
				423C66D4252B16540087B00D /* NewsModel.swift in Sources */,
				423C66E4252B83270087B00D /* LoadTableViewCell.swift in Sources */,
				423C66BD252B0CA20087B00D /* DescriptionsViewController.swift in Sources */,
				423C66A9252B0C380087B00D /* SceneDelegate.swift in Sources */,
				4238939D252C7DF8007479F3 /* ParserService.swift in Sources */,
				423C66D1252B14480087B00D /* Router.swift in Sources */,
				423C66CC252B14320087B00D /* Builder.swift in Sources */,
				423C66DB252B452C0087B00D /* NewsListPresenter.swift in Sources */,
			);
			runOnlyForDeploymentPostprocessing = 0;
		};
/* End PBXSourcesBuildPhase section */

/* Begin PBXVariantGroup section */
		423C66AC252B0C380087B00D /* Main.storyboard */ = {
			isa = PBXVariantGroup;
			children = (
				423C66AD252B0C380087B00D /* Base */,
			);
			name = Main.storyboard;
			sourceTree = "<group>";
		};
		423C66B1252B0C390087B00D /* LaunchScreen.storyboard */ = {
			isa = PBXVariantGroup;
			children = (
				423C66B2252B0C390087B00D /* Base */,
			);
			name = LaunchScreen.storyboard;
			sourceTree = "<group>";
		};
/* End PBXVariantGroup section */

/* Begin XCBuildConfiguration section */
		423C66B5252B0C390087B00D /* Debug */ = {
			isa = XCBuildConfiguration;
			buildSettings = {
				ALWAYS_SEARCH_USER_PATHS = NO;
				CLANG_ANALYZER_NONNULL = YES;
				CLANG_ANALYZER_NUMBER_OBJECT_CONVERSION = YES_AGGRESSIVE;
				CLANG_CXX_LANGUAGE_STANDARD = "gnu++14";
				CLANG_CXX_LIBRARY = "libc++";
				CLANG_ENABLE_MODULES = YES;
				CLANG_ENABLE_OBJC_ARC = YES;
				CLANG_ENABLE_OBJC_WEAK = YES;
				CLANG_WARN_BLOCK_CAPTURE_AUTORELEASING = YES;
				CLANG_WARN_BOOL_CONVERSION = YES;
				CLANG_WARN_COMMA = YES;
				CLANG_WARN_CONSTANT_CONVERSION = YES;
				CLANG_WARN_DEPRECATED_OBJC_IMPLEMENTATIONS = YES;
				CLANG_WARN_DIRECT_OBJC_ISA_USAGE = YES_ERROR;
				CLANG_WARN_DOCUMENTATION_COMMENTS = YES;
				CLANG_WARN_EMPTY_BODY = YES;
				CLANG_WARN_ENUM_CONVERSION = YES;
				CLANG_WARN_INFINITE_RECURSION = YES;
				CLANG_WARN_INT_CONVERSION = YES;
				CLANG_WARN_NON_LITERAL_NULL_CONVERSION = YES;
				CLANG_WARN_OBJC_IMPLICIT_RETAIN_SELF = YES;
				CLANG_WARN_OBJC_LITERAL_CONVERSION = YES;
				CLANG_WARN_OBJC_ROOT_CLASS = YES_ERROR;
				CLANG_WARN_QUOTED_INCLUDE_IN_FRAMEWORK_HEADER = YES;
				CLANG_WARN_RANGE_LOOP_ANALYSIS = YES;
				CLANG_WARN_STRICT_PROTOTYPES = YES;
				CLANG_WARN_SUSPICIOUS_MOVE = YES;
				CLANG_WARN_UNGUARDED_AVAILABILITY = YES_AGGRESSIVE;
				CLANG_WARN_UNREACHABLE_CODE = YES;
				CLANG_WARN__DUPLICATE_METHOD_MATCH = YES;
				COPY_PHASE_STRIP = NO;
				DEBUG_INFORMATION_FORMAT = dwarf;
				ENABLE_STRICT_OBJC_MSGSEND = YES;
				ENABLE_TESTABILITY = YES;
				GCC_C_LANGUAGE_STANDARD = gnu11;
				GCC_DYNAMIC_NO_PIC = NO;
				GCC_NO_COMMON_BLOCKS = YES;
				GCC_OPTIMIZATION_LEVEL = 0;
				GCC_PREPROCESSOR_DEFINITIONS = (
					"DEBUG=1",
					"$(inherited)",
				);
				GCC_WARN_64_TO_32_BIT_CONVERSION = YES;
				GCC_WARN_ABOUT_RETURN_TYPE = YES_ERROR;
				GCC_WARN_UNDECLARED_SELECTOR = YES;
				GCC_WARN_UNINITIALIZED_AUTOS = YES_AGGRESSIVE;
				GCC_WARN_UNUSED_FUNCTION = YES;
				GCC_WARN_UNUSED_VARIABLE = YES;
				IPHONEOS_DEPLOYMENT_TARGET = 14.0;
				MTL_ENABLE_DEBUG_INFO = INCLUDE_SOURCE;
				MTL_FAST_MATH = YES;
				ONLY_ACTIVE_ARCH = YES;
				SDKROOT = iphoneos;
				SWIFT_ACTIVE_COMPILATION_CONDITIONS = DEBUG;
				SWIFT_OPTIMIZATION_LEVEL = "-Onone";
			};
			name = Debug;
		};
		423C66B6252B0C390087B00D /* Release */ = {
			isa = XCBuildConfiguration;
			buildSettings = {
				ALWAYS_SEARCH_USER_PATHS = NO;
				CLANG_ANALYZER_NONNULL = YES;
				CLANG_ANALYZER_NUMBER_OBJECT_CONVERSION = YES_AGGRESSIVE;
				CLANG_CXX_LANGUAGE_STANDARD = "gnu++14";
				CLANG_CXX_LIBRARY = "libc++";
				CLANG_ENABLE_MODULES = YES;
				CLANG_ENABLE_OBJC_ARC = YES;
				CLANG_ENABLE_OBJC_WEAK = YES;
				CLANG_WARN_BLOCK_CAPTURE_AUTORELEASING = YES;
				CLANG_WARN_BOOL_CONVERSION = YES;
				CLANG_WARN_COMMA = YES;
				CLANG_WARN_CONSTANT_CONVERSION = YES;
				CLANG_WARN_DEPRECATED_OBJC_IMPLEMENTATIONS = YES;
				CLANG_WARN_DIRECT_OBJC_ISA_USAGE = YES_ERROR;
				CLANG_WARN_DOCUMENTATION_COMMENTS = YES;
				CLANG_WARN_EMPTY_BODY = YES;
				CLANG_WARN_ENUM_CONVERSION = YES;
				CLANG_WARN_INFINITE_RECURSION = YES;
				CLANG_WARN_INT_CONVERSION = YES;
				CLANG_WARN_NON_LITERAL_NULL_CONVERSION = YES;
				CLANG_WARN_OBJC_IMPLICIT_RETAIN_SELF = YES;
				CLANG_WARN_OBJC_LITERAL_CONVERSION = YES;
				CLANG_WARN_OBJC_ROOT_CLASS = YES_ERROR;
				CLANG_WARN_QUOTED_INCLUDE_IN_FRAMEWORK_HEADER = YES;
				CLANG_WARN_RANGE_LOOP_ANALYSIS = YES;
				CLANG_WARN_STRICT_PROTOTYPES = YES;
				CLANG_WARN_SUSPICIOUS_MOVE = YES;
				CLANG_WARN_UNGUARDED_AVAILABILITY = YES_AGGRESSIVE;
				CLANG_WARN_UNREACHABLE_CODE = YES;
				CLANG_WARN__DUPLICATE_METHOD_MATCH = YES;
				COPY_PHASE_STRIP = NO;
				DEBUG_INFORMATION_FORMAT = "dwarf-with-dsym";
				ENABLE_NS_ASSERTIONS = NO;
				ENABLE_STRICT_OBJC_MSGSEND = YES;
				GCC_C_LANGUAGE_STANDARD = gnu11;
				GCC_NO_COMMON_BLOCKS = YES;
				GCC_WARN_64_TO_32_BIT_CONVERSION = YES;
				GCC_WARN_ABOUT_RETURN_TYPE = YES_ERROR;
				GCC_WARN_UNDECLARED_SELECTOR = YES;
				GCC_WARN_UNINITIALIZED_AUTOS = YES_AGGRESSIVE;
				GCC_WARN_UNUSED_FUNCTION = YES;
				GCC_WARN_UNUSED_VARIABLE = YES;
				IPHONEOS_DEPLOYMENT_TARGET = 14.0;
				MTL_ENABLE_DEBUG_INFO = NO;
				MTL_FAST_MATH = YES;
				SDKROOT = iphoneos;
				SWIFT_COMPILATION_MODE = wholemodule;
				SWIFT_OPTIMIZATION_LEVEL = "-O";
				VALIDATE_PRODUCT = YES;
			};
			name = Release;
		};
		423C66B8252B0C390087B00D /* Debug */ = {
			isa = XCBuildConfiguration;
			buildSettings = {
				ASSETCATALOG_COMPILER_APPICON_NAME = AppIcon;
				ASSETCATALOG_COMPILER_GLOBAL_ACCENT_COLOR_NAME = AccentColor;
				CODE_SIGN_STYLE = Automatic;
				DEVELOPMENT_TEAM = ZVKQ6JXF49;
				INFOPLIST_FILE = NewsApp/Info.plist;
				LD_RUNPATH_SEARCH_PATHS = (
					"$(inherited)",
					"@executable_path/Frameworks",
				);
				PRODUCT_BUNDLE_IDENTIFIER = "-.NewsApp";
				PRODUCT_NAME = "$(TARGET_NAME)";
				SWIFT_VERSION = 5.0;
				TARGETED_DEVICE_FAMILY = "1,2";
			};
			name = Debug;
		};
		423C66B9252B0C390087B00D /* Release */ = {
			isa = XCBuildConfiguration;
			buildSettings = {
				ASSETCATALOG_COMPILER_APPICON_NAME = AppIcon;
				ASSETCATALOG_COMPILER_GLOBAL_ACCENT_COLOR_NAME = AccentColor;
				CODE_SIGN_STYLE = Automatic;
				DEVELOPMENT_TEAM = ZVKQ6JXF49;
				INFOPLIST_FILE = NewsApp/Info.plist;
				LD_RUNPATH_SEARCH_PATHS = (
					"$(inherited)",
					"@executable_path/Frameworks",
				);
				PRODUCT_BUNDLE_IDENTIFIER = "-.NewsApp";
				PRODUCT_NAME = "$(TARGET_NAME)";
				SWIFT_VERSION = 5.0;
				TARGETED_DEVICE_FAMILY = "1,2";
			};
			name = Release;
		};
/* End XCBuildConfiguration section */

/* Begin XCConfigurationList section */
		423C669E252B0C380087B00D /* Build configuration list for PBXProject "NewsApp" */ = {
			isa = XCConfigurationList;
			buildConfigurations = (
				423C66B5252B0C390087B00D /* Debug */,
				423C66B6252B0C390087B00D /* Release */,
			);
			defaultConfigurationIsVisible = 0;
			defaultConfigurationName = Release;
		};
		423C66B7252B0C390087B00D /* Build configuration list for PBXNativeTarget "NewsApp" */ = {
			isa = XCConfigurationList;
			buildConfigurations = (
				423C66B8252B0C390087B00D /* Debug */,
				423C66B9252B0C390087B00D /* Release */,
			);
			defaultConfigurationIsVisible = 0;
			defaultConfigurationName = Release;
		};
/* End XCConfigurationList section */
	};
	rootObject = 423C669B252B0C380087B00D /* Project object */;
}
